
Microsoft Visual Studio Solution File, Format Version 12.00
# Visual Studio Version 16
VisualStudioVersion = 16.0.28922.388
MinimumVisualStudioVersion = 10.0.40219.1
Project("{8BC9CEB8-8B4A-11D0-8D11-00A0C91BC942}") = "Render", "Render.vcxproj", "{A06C1DE2-CF0D-4EEA-8CA5-CCB2EC06F3DD}"
EndProject
Project("{8BC9CEB8-8B4A-11D0-8D11-00A0C91BC942}") = "b2nder", "..\Libs\b2nder\b2nder.vcxproj", "{45DF3C3A-1FFA-477B-B6C2-CB60449ACC8A}"
EndProject
Project("{8BC9CEB8-8B4A-11D0-8D11-00A0C91BC942}") = "DirectXTex", "..\Libs\DirectXTex\DirectXTex_Desktop_2019_Win10.vcxproj", "{371B9FA9-4C90-4AC6-A123-ACED756D6C77}"
EndProject
Project("{8BC9CEB8-8B4A-11D0-8D11-00A0C91BC942}") = "imgui", "..\Libs\imgui\imgui.vcxproj", "{50698603-7722-47DD-8377-D05FF49122F3}"
EndProject
Global
	GlobalSection(SolutionConfigurationPlatforms) = preSolution
		Debug|ARM = Debug|ARM
		Debug|ARM64 = Debug|ARM64
		Debug|x64 = Debug|x64
		Debug|x86 = Debug|x86
		Profile|ARM = Profile|ARM
		Profile|ARM64 = Profile|ARM64
		Profile|x64 = Profile|x64
		Profile|x86 = Profile|x86
		Release|ARM = Release|ARM
		Release|ARM64 = Release|ARM64
		Release|x64 = Release|x64
		Release|x86 = Release|x86
	EndGlobalSection
	GlobalSection(ProjectConfigurationPlatforms) = postSolution
		{A06C1DE2-CF0D-4EEA-8CA5-CCB2EC06F3DD}.Debug|ARM.ActiveCfg = Debug|Win32
		{A06C1DE2-CF0D-4EEA-8CA5-CCB2EC06F3DD}.Debug|ARM64.ActiveCfg = Debug|Win32
		{A06C1DE2-CF0D-4EEA-8CA5-CCB2EC06F3DD}.Debug|x64.ActiveCfg = Debug|x64
		{A06C1DE2-CF0D-4EEA-8CA5-CCB2EC06F3DD}.Debug|x64.Build.0 = Debug|x64
		{A06C1DE2-CF0D-4EEA-8CA5-CCB2EC06F3DD}.Debug|x86.ActiveCfg = Debug|Win32
		{A06C1DE2-CF0D-4EEA-8CA5-CCB2EC06F3DD}.Debug|x86.Build.0 = Debug|Win32
		{A06C1DE2-CF0D-4EEA-8CA5-CCB2EC06F3DD}.Profile|ARM.ActiveCfg = Release|x64
		{A06C1DE2-CF0D-4EEA-8CA5-CCB2EC06F3DD}.Profile|ARM.Build.0 = Release|x64
		{A06C1DE2-CF0D-4EEA-8CA5-CCB2EC06F3DD}.Profile|ARM64.ActiveCfg = Release|x64
		{A06C1DE2-CF0D-4EEA-8CA5-CCB2EC06F3DD}.Profile|ARM64.Build.0 = Release|x64
		{A06C1DE2-CF0D-4EEA-8CA5-CCB2EC06F3DD}.Profile|x64.ActiveCfg = Release|x64
		{A06C1DE2-CF0D-4EEA-8CA5-CCB2EC06F3DD}.Profile|x64.Build.0 = Release|x64
		{A06C1DE2-CF0D-4EEA-8CA5-CCB2EC06F3DD}.Profile|x86.ActiveCfg = Release|Win32
		{A06C1DE2-CF0D-4EEA-8CA5-CCB2EC06F3DD}.Profile|x86.Build.0 = Release|Win32
		{A06C1DE2-CF0D-4EEA-8CA5-CCB2EC06F3DD}.Release|ARM.ActiveCfg = Release|Win32
		{A06C1DE2-CF0D-4EEA-8CA5-CCB2EC06F3DD}.Release|ARM64.ActiveCfg = Release|Win32
		{A06C1DE2-CF0D-4EEA-8CA5-CCB2EC06F3DD}.Release|x64.ActiveCfg = Release|x64
		{A06C1DE2-CF0D-4EEA-8CA5-CCB2EC06F3DD}.Release|x64.Build.0 = Release|x64
		{A06C1DE2-CF0D-4EEA-8CA5-CCB2EC06F3DD}.Release|x86.ActiveCfg = Release|Win32
		{A06C1DE2-CF0D-4EEA-8CA5-CCB2EC06F3DD}.Release|x86.Build.0 = Release|Win32
		{45DF3C3A-1FFA-477B-B6C2-CB60449ACC8A}.Debug|ARM.ActiveCfg = Debug|Win32
		{45DF3C3A-1FFA-477B-B6C2-CB60449ACC8A}.Debug|ARM64.ActiveCfg = Debug|Win32
		{45DF3C3A-1FFA-477B-B6C2-CB60449ACC8A}.Debug|x64.ActiveCfg = Debug|x64
		{45DF3C3A-1FFA-477B-B6C2-CB60449ACC8A}.Debug|x64.Build.0 = Debug|x64
		{45DF3C3A-1FFA-477B-B6C2-CB60449ACC8A}.Debug|x86.ActiveCfg = Debug|Win32
		{45DF3C3A-1FFA-477B-B6C2-CB60449ACC8A}.Debug|x86.Build.0 = Debug|Win32
		{45DF3C3A-1FFA-477B-B6C2-CB60449ACC8A}.Profile|ARM.ActiveCfg = Release|x64
		{45DF3C3A-1FFA-477B-B6C2-CB60449ACC8A}.Profile|ARM.Build.0 = Release|x64
		{45DF3C3A-1FFA-477B-B6C2-CB60449ACC8A}.Profile|ARM64.ActiveCfg = Release|x64
		{45DF3C3A-1FFA-477B-B6C2-CB60449ACC8A}.Profile|ARM64.Build.0 = Release|x64
		{45DF3C3A-1FFA-477B-B6C2-CB60449ACC8A}.Profile|x64.ActiveCfg = Release|x64
		{45DF3C3A-1FFA-477B-B6C2-CB60449ACC8A}.Profile|x64.Build.0 = Release|x64
		{45DF3C3A-1FFA-477B-B6C2-CB60449ACC8A}.Profile|x86.ActiveCfg = Release|Win32
		{45DF3C3A-1FFA-477B-B6C2-CB60449ACC8A}.Profile|x86.Build.0 = Release|Win32
		{45DF3C3A-1FFA-477B-B6C2-CB60449ACC8A}.Release|ARM.ActiveCfg = Release|Win32
		{45DF3C3A-1FFA-477B-B6C2-CB60449ACC8A}.Release|ARM64.ActiveCfg = Release|Win32
		{45DF3C3A-1FFA-477B-B6C2-CB60449ACC8A}.Release|x64.ActiveCfg = Release|x64
		{45DF3C3A-1FFA-477B-B6C2-CB60449ACC8A}.Release|x64.Build.0 = Release|x64
		{45DF3C3A-1FFA-477B-B6C2-CB60449ACC8A}.Release|x86.ActiveCfg = Release|Win32
		{45DF3C3A-1FFA-477B-B6C2-CB60449ACC8A}.Release|x86.Build.0 = Release|Win32
		{371B9FA9-4C90-4AC6-A123-ACED756D6C77}.Debug|ARM.ActiveCfg = Debug|Win32
		{371B9FA9-4C90-4AC6-A123-ACED756D6C77}.Debug|ARM64.ActiveCfg = Debug|Win32
		{371B9FA9-4C90-4AC6-A123-ACED756D6C77}.Debug|x64.ActiveCfg = Debug|x64
		{371B9FA9-4C90-4AC6-A123-ACED756D6C77}.Debug|x64.Build.0 = Debug|x64
		{371B9FA9-4C90-4AC6-A123-ACED756D6C77}.Debug|x86.ActiveCfg = Debug|Win32
		{371B9FA9-4C90-4AC6-A123-ACED756D6C77}.Debug|x86.Build.0 = Debug|Win32
		{371B9FA9-4C90-4AC6-A123-ACED756D6C77}.Profile|ARM.ActiveCfg = Profile|Win32
		{371B9FA9-4C90-4AC6-A123-ACED756D6C77}.Profile|ARM64.ActiveCfg = Profile|Win32
		{371B9FA9-4C90-4AC6-A123-ACED756D6C77}.Profile|x64.ActiveCfg = Profile|x64
		{371B9FA9-4C90-4AC6-A123-ACED756D6C77}.Profile|x64.Build.0 = Profile|x64
		{371B9FA9-4C90-4AC6-A123-ACED756D6C77}.Profile|x86.ActiveCfg = Profile|Win32
		{371B9FA9-4C90-4AC6-A123-ACED756D6C77}.Profile|x86.Build.0 = Profile|Win32
		{371B9FA9-4C90-4AC6-A123-ACED756D6C77}.Release|ARM.ActiveCfg = Release|Win32
		{371B9FA9-4C90-4AC6-A123-ACED756D6C77}.Release|ARM64.ActiveCfg = Release|Win32
		{371B9FA9-4C90-4AC6-A123-ACED756D6C77}.Release|x64.ActiveCfg = Release|x64
		{371B9FA9-4C90-4AC6-A123-ACED756D6C77}.Release|x64.Build.0 = Release|x64
		{371B9FA9-4C90-4AC6-A123-ACED756D6C77}.Release|x86.ActiveCfg = Release|Win32
		{371B9FA9-4C90-4AC6-A123-ACED756D6C77}.Release|x86.Build.0 = Release|Win32
		{50698603-7722-47DD-8377-D05FF49122F3}.Debug|ARM.ActiveCfg = Debug|Win32
		{50698603-7722-47DD-8377-D05FF49122F3}.Debug|ARM64.ActiveCfg = Debug|Win32
		{50698603-7722-47DD-8377-D05FF49122F3}.Debug|x64.ActiveCfg = Debug|x64
		{50698603-7722-47DD-8377-D05FF49122F3}.Debug|x64.Build.0 = Debug|x64
		{50698603-7722-47DD-8377-D05FF49122F3}.Debug|x86.ActiveCfg = Debug|Win32
		{50698603-7722-47DD-8377-D05FF49122F3}.Debug|x86.Build.0 = Debug|Win32
		{50698603-7722-47DD-8377-D05FF49122F3}.Profile|ARM.ActiveCfg = Release|x64
		{50698603-7722-47DD-8377-D05FF49122F3}.Profile|ARM.Build.0 = Release|x64
		{50698603-7722-47DD-8377-D05FF49122F3}.Profile|ARM64.ActiveCfg = Release|x64
		{50698603-7722-47DD-8377-D05FF49122F3}.Profile|ARM64.Build.0 = Release|x64
		{50698603-7722-47DD-8377-D05FF49122F3}.Profile|x64.ActiveCfg = Release|x64
		{50698603-7722-47DD-8377-D05FF49122F3}.Profile|x64.Build.0 = Release|x64
		{50698603-7722-47DD-8377-D05FF49122F3}.Profile|x86.ActiveCfg = Release|Win32
		{50698603-7722-47DD-8377-D05FF49122F3}.Profile|x86.Build.0 = Release|Win32
		{50698603-7722-47DD-8377-D05FF49122F3}.Release|ARM.ActiveCfg = Release|Win32
		{50698603-7722-47DD-8377-D05FF49122F3}.Release|ARM64.ActiveCfg = Release|Win32
		{50698603-7722-47DD-8377-D05FF49122F3}.Release|x64.ActiveCfg = Release|x64
		{50698603-7722-47DD-8377-D05FF49122F3}.Release|x64.Build.0 = Release|x64
		{50698603-7722-47DD-8377-D05FF49122F3}.Release|x86.ActiveCfg = Release|Win32
		{50698603-7722-47DD-8377-D05FF49122F3}.Release|x86.Build.0 = Release|Win32
	EndGlobalSection
	GlobalSection(SolutionProperties) = preSolution
		HideSolutionNode = FALSE
	EndGlobalSection
	GlobalSection(ExtensibilityGlobals) = postSolution
		SolutionGuid = {8D3E3C20-C032-42C2-90C3-E3CEA010FB60}
	EndGlobalSection
EndGlobal
