<?xml version="1.0" encoding="utf-8"?>
<Project ToolsVersion="4.0" xmlns="http://schemas.microsoft.com/developer/msbuild/2003">
  <ItemGroup>
    <Filter Include="Source Files">
      <UniqueIdentifier>{4FC737F1-C7A5-4376-A066-2A32D752A2FF}</UniqueIdentifier>
      <Extensions>cpp;c;cc;cxx;def;odl;idl;hpj;bat;asm;asmx</Extensions>
    </Filter>
    <Filter Include="Resources">
      <UniqueIdentifier>{572f5975-786a-4cda-98c9-510f64438459}</UniqueIdentifier>
    </Filter>
    <Filter Include="Resources\Shaders">
      <UniqueIdentifier>{077ea1b6-8743-4d8c-b9a8-9fad54968070}</UniqueIdentifier>
    </Filter>
    <Filter Include="Resources\Shaders\system">
      <UniqueIdentifier>{91a38b5b-bb81-43d9-ab37-6595ae8e23be}</UniqueIdentifier>
    </Filter>
  </ItemGroup>
  <ItemGroup>
    <ClCompile Include="..\Sources\Main.cpp">
      <Filter>Source Files</Filter>
    </ClCompile>
    <ClCompile Include="..\Sources\Precompiled.cpp">
      <Filter>Source Files</Filter>
    </ClCompile>
    <ClCompile Include="..\Sources\SampleApp.cpp">
      <Filter>Source Files</Filter>
    </ClCompile>
  </ItemGroup>
  <ItemGroup>
    <ClInclude Include="..\Sources\Precompiled.h">
      <Filter>Source Files</Filter>
    </ClInclude>
    <ClInclude Include="..\Resources\resource.h">
      <Filter>Resources</Filter>
    </ClInclude>
    <ClInclude Include="..\Sources\SampleApp.h">
      <Filter>Source Files</Filter>
    </ClInclude>
  </ItemGroup>
  <ItemGroup>
    <Image Include="..\Resources\b2nder.ico">
      <Filter>Resources</Filter>
    </Image>
  </ItemGroup>
  <ItemGroup>
    <ResourceCompile Include="..\Resources\Render.rc">
      <Filter>Resources</Filter>
    </ResourceCompile>
  </ItemGroup>
  <ItemGroup>
    <FxCompile Include="..\Resources\Shaders\PBS_object_vs.hlsl">
      <Filter>Resources\Shaders</Filter>
    </FxCompile>
    <FxCompile Include="..\Resources\Shaders\PBS_object_ps.hlsl">
      <Filter>Resources\Shaders</Filter>
    </FxCompile>
    <FxCompile Include="..\Resources\Shaders\Lighting_vs.hlsl">
      <Filter>Resources\Shaders</Filter>
    </FxCompile>
    <FxCompile Include="..\Resources\Shaders\Lighting_ps.hlsl">
      <Filter>Resources\Shaders</Filter>
    </FxCompile>
    <FxCompile Include="..\Resources\Shaders\Hdr2Sdr_ps.hlsl">
      <Filter>Resources\Shaders</Filter>
    </FxCompile>
    <FxCompile Include="..\Resources\Shaders\Hdr2Sdr_vs.hlsl">
      <Filter>Resources\Shaders</Filter>
    </FxCompile>
    <FxCompile Include="..\Resources\Shaders\VertexShader.hlsl">
      <Filter>Resources\Shaders</Filter>
    </FxCompile>
    <FxCompile Include="..\Resources\Shaders\PixelShader.hlsl">
      <Filter>Resources\Shaders</Filter>
    </FxCompile>
    <FxCompile Include="..\Resources\Shaders\Shadows_vs.hlsl">
      <Filter>Resources\Shaders</Filter>
    </FxCompile>
    <FxCompile Include="..\Resources\Shaders\Test_vs.hlsl">
      <Filter>Resources\Shaders</Filter>
    </FxCompile>
    <FxCompile Include="..\Resources\Shaders\Test_ps.hlsl">
      <Filter>Resources\Shaders</Filter>
    </FxCompile>
    <FxCompile Include="..\Resources\Shaders\EnvRectToCube_vs.hlsl">
      <Filter>Resources\Shaders</Filter>
    </FxCompile>
    <FxCompile Include="..\Resources\Shaders\EnvRectToCube_ps.hlsl">
      <Filter>Resources\Shaders</Filter>
    </FxCompile>
    <FxCompile Include="..\Resources\Shaders\Skybox_ps.hlsl">
      <Filter>Resources\Shaders</Filter>
    </FxCompile>
    <FxCompile Include="..\Resources\Shaders\Skybox_vs.hlsl">
      <Filter>Resources\Shaders</Filter>
    </FxCompile>
    <FxCompile Include="..\Resources\Shaders\ConvoluteIrradiance_vs.hlsl">
      <Filter>Resources\Shaders</Filter>
    </FxCompile>
    <FxCompile Include="..\Resources\Shaders\ConvoluteIrradiance_ps.hlsl">
      <Filter>Resources\Shaders</Filter>
    </FxCompile>
    <FxCompile Include="..\Resources\Shaders\PBS_test_object_ps.hlsl">
      <Filter>Resources\Shaders</Filter>
    </FxCompile>
    <FxCompile Include="..\Resources\Shaders\PBS_test_object_vs.hlsl">
      <Filter>Resources\Shaders</Filter>
    </FxCompile>
    <FxCompile Include="..\Resources\Shaders\system\IndirectSpecular_vs.hlsl">
      <Filter>Resources\Shaders\system</Filter>
    </FxCompile>
    <FxCompile Include="..\Resources\Shaders\system\IndirectSpecular_ps.hlsl">
      <Filter>Resources\Shaders\system</Filter>
    </FxCompile>
    <FxCompile Include="..\Resources\Shaders\system\ConvoluteBRDF_ps.hlsl">
      <Filter>Resources\Shaders\system</Filter>
    </FxCompile>
    <FxCompile Include="..\Resources\Shaders\system\ConvoluteBRDF_vs.hlsl">
      <Filter>Resources\Shaders\system</Filter>
    </FxCompile>
  </ItemGroup>
  <ItemGroup>
    <None Include="..\Resources\Shaders\PBS_Helpers.hlsli">
      <Filter>Resources\Shaders</Filter>
    </None>
  </ItemGroup>
</Project>