<?xml version="1.0" encoding="utf-8"?>
<Project ToolsVersion="4.0" xmlns="http://schemas.microsoft.com/developer/msbuild/2003">
  <ItemGroup>
    <Filter Include="Resources">
      <UniqueIdentifier>{fe6d7368-cc68-4e9c-a9da-0f8f2cac0b31}</UniqueIdentifier>
    </Filter>
    <Filter Include="Sources">
      <UniqueIdentifier>{4FC737F1-C7A5-4376-A066-2A32D752A2FF}</UniqueIdentifier>
      <Extensions>cpp;c;cc;cxx;def;odl;idl;hpj;bat;asm;asmx</Extensions>
    </Filter>
    <Filter Include="Sources\Utils">
      <UniqueIdentifier>{9b32f743-ae3d-4e34-881a-5712eb5b0ecb}</UniqueIdentifier>
    </Filter>
    <Filter Include="Sources\Core">
      <UniqueIdentifier>{63d984d8-9dc0-4da4-b0e7-73ff5c7bbb54}</UniqueIdentifier>
    </Filter>
    <Filter Include="Sources\Render">
      <UniqueIdentifier>{4e92aeb6-9b96-4796-b46a-2664775cf086}</UniqueIdentifier>
    </Filter>
    <Filter Include="Sources\Render\Descriptors">
      <UniqueIdentifier>{3ecf5158-7518-4930-8a16-e67d73ceef9b}</UniqueIdentifier>
    </Filter>
    <Filter Include="Sources\Render\Buffers">
      <UniqueIdentifier>{86550b38-517d-4247-88a9-e05607dfcd70}</UniqueIdentifier>
    </Filter>
    <Filter Include="Sources\ECS">
      <UniqueIdentifier>{774e1729-7fb0-4a05-ab26-b2f1b938ae7f}</UniqueIdentifier>
    </Filter>
    <Filter Include="Sources\Render\Materials">
      <UniqueIdentifier>{6a59af77-f88c-46b0-b2e5-20bbb18b5446}</UniqueIdentifier>
    </Filter>
    <Filter Include="Sources\ECS\Components">
      <UniqueIdentifier>{b5145a80-a288-4961-843d-4a67588060b9}</UniqueIdentifier>
    </Filter>
    <Filter Include="Sources\ECS\Systems">
      <UniqueIdentifier>{dd76db9b-d410-4c3b-8dcf-c4983a9fcd4a}</UniqueIdentifier>
    </Filter>
  </ItemGroup>
  <ItemGroup>
    <ClCompile Include="Sources\Precompiled.cpp">
      <Filter>Sources</Filter>
    </ClCompile>
    <ClCompile Include="Sources\Core\Core.cpp">
      <Filter>Sources\Core</Filter>
    </ClCompile>
    <ClCompile Include="Sources\Core\HighResolutionClock.cpp">
      <Filter>Sources\Core</Filter>
    </ClCompile>
    <ClCompile Include="Sources\Render\Descriptors\DescriptorAllocator.cpp">
      <Filter>Sources\Render\Descriptors</Filter>
    </ClCompile>
    <ClCompile Include="Sources\Render\Descriptors\DescriptorAllocatorPage.cpp">
      <Filter>Sources\Render\Descriptors</Filter>
    </ClCompile>
    <ClCompile Include="Sources\Render\Descriptors\DynamicDescriptorHeap.cpp">
      <Filter>Sources\Render\Descriptors</Filter>
    </ClCompile>
    <ClCompile Include="Sources\Render\Descriptors\DescriptorAllocation.cpp">
      <Filter>Sources\Render\Descriptors</Filter>
    </ClCompile>
    <ClCompile Include="Sources\Render\RootSignature.cpp">
      <Filter>Sources\Render</Filter>
    </ClCompile>
    <ClCompile Include="Sources\Render\CommandContext.cpp">
      <Filter>Sources\Core</Filter>
    </ClCompile>
    <ClCompile Include="Sources\Render\Buffers\UploadBufferManager.cpp">
      <Filter>Sources\Render\Buffers</Filter>
    </ClCompile>
    <ClCompile Include="Sources\Render\Buffers\GpuBuffer.cpp">
      <Filter>Sources\Render\Buffers</Filter>
    </ClCompile>
    <ClCompile Include="Sources\Render\Mesh.cpp">
      <Filter>Sources\Render</Filter>
    </ClCompile>
    <ClCompile Include="Sources\Render\RenderTarget.cpp">
      <Filter>Sources\Render</Filter>
    </ClCompile>
    <ClCompile Include="Sources\Core\ResourceManager.cpp">
      <Filter>Sources\Core</Filter>
    </ClCompile>
    <ClCompile Include="Sources\Render\Materials\PBRMaterial.cpp">
      <Filter>Sources\Render\Materials</Filter>
    </ClCompile>
    <ClCompile Include="Sources\Render\Materials\PBS_Simple.cpp">
      <Filter>Sources\Render\Materials</Filter>
    </ClCompile>
    <ClCompile Include="Sources\Render\Materials\LightingMaterial.cpp">
      <Filter>Sources\Render\Materials</Filter>
    </ClCompile>
    <ClCompile Include="Sources\Render\Materials\Hdr2SdrMaterial.cpp">
      <Filter>Sources\Render\Materials</Filter>
    </ClCompile>
    <ClCompile Include="Sources\Render\Materials\ShadowMaterial.cpp">
      <Filter>Sources\Render\Materials</Filter>
    </ClCompile>
    <ClCompile Include="Sources\Render\Render.cpp">
      <Filter>Sources\Render</Filter>
    </ClCompile>
    <ClCompile Include="Sources\Render\FrameRenderGraph.cpp">
      <Filter>Sources\Render</Filter>
    </ClCompile>
    <ClCompile Include="Sources\Scene.cpp">
      <Filter>Sources</Filter>
    </ClCompile>
    <ClCompile Include="Sources\Core\SystemsHolder.cpp">
      <Filter>Sources\Core</Filter>
    </ClCompile>
    <ClCompile Include="Sources\Core\FrameUpdateGraph.cpp">
      <Filter>Sources\Core</Filter>
    </ClCompile>
    <ClCompile Include="Sources\Render\CommandManager.cpp">
      <Filter>Sources\Core</Filter>
    </ClCompile>
    <ClCompile Include="Sources\ECS\Systems\CameraSystem.cpp">
      <Filter>Sources\ECS\Systems</Filter>
    </ClCompile>
    <ClCompile Include="Sources\ECS\Systems\Hdr2SdrSystem.cpp">
      <Filter>Sources\ECS\Systems</Filter>
    </ClCompile>
    <ClCompile Include="Sources\ECS\Systems\ImguiSystem.cpp">
      <Filter>Sources\ECS\Systems</Filter>
    </ClCompile>
    <ClCompile Include="Sources\ECS\Systems\LightingSystem.cpp">
      <Filter>Sources\ECS\Systems</Filter>
    </ClCompile>
    <ClCompile Include="Sources\ECS\Systems\ModelSystem.cpp">
      <Filter>Sources\ECS\Systems</Filter>
    </ClCompile>
    <ClCompile Include="Sources\ECS\Systems\ShadowSystem.cpp">
      <Filter>Sources\ECS\Systems</Filter>
    </ClCompile>
    <ClCompile Include="Sources\Render\Materials\MaterialBase.cpp">
      <Filter>Sources\Render\Materials</Filter>
    </ClCompile>
  </ItemGroup>
  <ItemGroup>
    <ClInclude Include="Sources\d3dx12.h">
      <Filter>Sources</Filter>
    </ClInclude>
    <ClInclude Include="Sources\Precompiled.h">
      <Filter>Sources</Filter>
    </ClInclude>
    <ClInclude Include="Sources\CoreHelpers.h">
      <Filter>Sources</Filter>
    </ClInclude>
    <ClInclude Include="Sources\Utils\Singleton.h">
      <Filter>Sources\Utils</Filter>
    </ClInclude>
    <ClInclude Include="Sources\Core\Core.h">
      <Filter>Sources\Core</Filter>
    </ClInclude>
    <ClInclude Include="Sources\Core\HighResolutionClock.h">
      <Filter>Sources\Core</Filter>
    </ClInclude>
    <ClInclude Include="Sources\Render\Descriptors\DescriptorAllocator.h">
      <Filter>Sources\Render\Descriptors</Filter>
    </ClInclude>
    <ClInclude Include="Sources\Render\Descriptors\DescriptorAllocatorPage.h">
      <Filter>Sources\Render\Descriptors</Filter>
    </ClInclude>
    <ClInclude Include="Sources\Render\Descriptors\DynamicDescriptorHeap.h">
      <Filter>Sources\Render\Descriptors</Filter>
    </ClInclude>
    <ClInclude Include="Sources\Render\Descriptors\DescriptorAllocation.h">
      <Filter>Sources\Render\Descriptors</Filter>
    </ClInclude>
    <ClInclude Include="Sources\Render\RootSignature.h">
      <Filter>Sources\Render</Filter>
    </ClInclude>
    <ClInclude Include="Sources\Render\Buffers\GpuBuffer.h">
      <Filter>Sources\Render\Buffers</Filter>
    </ClInclude>
    <ClInclude Include="Sources\Render\Buffers\UploadBufferManager.h">
      <Filter>Sources\Render\Buffers</Filter>
    </ClInclude>
    <ClInclude Include="Sources\Render\CommandContext.h">
      <Filter>Sources\Core</Filter>
    </ClInclude>
    <ClInclude Include="Sources\Render\Mesh.h">
      <Filter>Sources\Render</Filter>
    </ClInclude>
    <ClInclude Include="Sources\Render\RenderTarget.h">
      <Filter>Sources\Render</Filter>
    </ClInclude>
    <ClInclude Include="Sources\Core\Events.h">
      <Filter>Sources\Core</Filter>
    </ClInclude>
    <ClInclude Include="Sources\Core\KeyCodes.h">
      <Filter>Sources\Core</Filter>
    </ClInclude>
    <ClInclude Include="Sources\ECS\ECS.h">
      <Filter>Sources\ECS</Filter>
    </ClInclude>
    <ClInclude Include="Sources\Render\Materials\PBRMaterial.h">
      <Filter>Sources\Render\Materials</Filter>
    </ClInclude>
    <ClInclude Include="Sources\Render\RenderTargetManager.h">
      <Filter>Sources\Render</Filter>
    </ClInclude>
    <ClInclude Include="Sources\Render\Materials\MaterialBase.h">
      <Filter>Sources\Render\Materials</Filter>
    </ClInclude>
    <ClInclude Include="Sources\Render\Materials\LightingMaterial.h">
      <Filter>Sources\Render\Materials</Filter>
    </ClInclude>
    <ClInclude Include="Sources\Render\Materials\Hdr2SdrMaterial.h">
      <Filter>Sources\Render\Materials</Filter>
    </ClInclude>
    <ClInclude Include="Sources\Render\Materials\PBS_Simple.h">
      <Filter>Sources\Render\Materials</Filter>
    </ClInclude>
    <ClInclude Include="Sources\Utils\unordered_map.h">
      <Filter>Sources\Utils</Filter>
    </ClInclude>
    <ClInclude Include="Sources\Render\Materials\ShadowMaterial.h">
      <Filter>Sources\Render\Materials</Filter>
    </ClInclude>
    <ClInclude Include="Sources\Render\Render.h">
      <Filter>Sources\Render</Filter>
    </ClInclude>
    <ClInclude Include="Sources\Render\FrameRenderGraph.h">
      <Filter>Sources\Render</Filter>
    </ClInclude>
    <ClInclude Include="Sources\Scene.h">
      <Filter>Sources</Filter>
    </ClInclude>
    <ClInclude Include="Sources\Core\SystemsHolder.h">
      <Filter>Sources\Core</Filter>
    </ClInclude>
    <ClInclude Include="Sources\Core\FrameUpdateGraph.h">
      <Filter>Sources\Core</Filter>
    </ClInclude>
    <ClInclude Include="Sources\Render\CommandManager.h">
      <Filter>Sources\Core</Filter>
    </ClInclude>
    <ClInclude Include="Sources\Render\Viewport.h">
      <Filter>Sources\Render</Filter>
    </ClInclude>
    <ClInclude Include="Sources\ECS\Systems\CameraSystem.h">
      <Filter>Sources\ECS\Systems</Filter>
    </ClInclude>
    <ClInclude Include="Sources\ECS\Systems\Hdr2SdrSystem.h">
      <Filter>Sources\ECS\Systems</Filter>
    </ClInclude>
    <ClInclude Include="Sources\ECS\Systems\ImguiSystem.h">
      <Filter>Sources\ECS\Systems</Filter>
    </ClInclude>
    <ClInclude Include="Sources\ECS\Systems\LightingSystem.h">
      <Filter>Sources\ECS\Systems</Filter>
    </ClInclude>
    <ClInclude Include="Sources\ECS\Systems\ModelSystem.h">
      <Filter>Sources\ECS\Systems</Filter>
    </ClInclude>
    <ClInclude Include="Sources\ECS\Systems\ShadowSystem.h">
      <Filter>Sources\ECS\Systems</Filter>
    </ClInclude>
    <ClInclude Include="Sources\ECS\Components\CameraComponent.h">
      <Filter>Sources\ECS\Components</Filter>
    </ClInclude>
    <ClInclude Include="Sources\ECS\Components\LightComponent.h">
      <Filter>Sources\ECS\Components</Filter>
    </ClInclude>
    <ClInclude Include="Sources\ECS\Components\ModelComponent.h">
      <Filter>Sources\ECS\Components</Filter>
    </ClInclude>
    <ClInclude Include="Sources\ECS\Components\TransformComponent.h">
      <Filter>Sources\ECS\Components</Filter>
    </ClInclude>
  </ItemGroup>
  <ItemGroup>
    <FxCompile Include="Resources\ImGui_ps.hlsl">
      <Filter>Resources</Filter>
    </FxCompile>
    <FxCompile Include="Resources\ImGui_vs.hlsl">
      <Filter>Resources</Filter>
    </FxCompile>
  </ItemGroup>
  <ItemGroup>
    <None Include="Sources\Core\ResourceManager.h">
      <Filter>Sources\Core</Filter>
    </None>
  </ItemGroup>
</Project>